
Microsoft Visual Studio Solution File, Format Version 12.00
# Visual Studio 14
VisualStudioVersion = 14.0.25123.0
MinimumVisualStudioVersion = 10.0.40219.1
Project("{FAE04EC0-301F-11D3-BF4B-00C04F79EFBC}") = "SuperAdventure", "SuperAdventure\SuperAdventure.csproj", "{F2BDF1E5-55DD-41DE-B4AF-D11D992DBCE5}"
EndProject
Project("{FAE04EC0-301F-11D3-BF4B-00C04F79EFBC}") = "Engine", "Engine\Engine.csproj", "{52F87B0D-521F-41D1-AD7F-F403081A014F}"
EndProject
Global
	GlobalSection(SolutionConfigurationPlatforms) = preSolution
		Debug|Any CPU = Debug|Any CPU
		Release|Any CPU = Release|Any CPU
	EndGlobalSection
	GlobalSection(ProjectConfigurationPlatforms) = postSolution
		{F2BDF1E5-55DD-41DE-B4AF-D11D992DBCE5}.Debug|Any CPU.ActiveCfg = Debug|Any CPU
		{F2BDF1E5-55DD-41DE-B4AF-D11D992DBCE5}.Debug|Any CPU.Build.0 = Debug|Any CPU
		{F2BDF1E5-55DD-41DE-B4AF-D11D992DBCE5}.Release|Any CPU.ActiveCfg = Release|Any CPU
		{F2BDF1E5-55DD-41DE-B4AF-D11D992DBCE5}.Release|Any CPU.Build.0 = Release|Any CPU
		{52F87B0D-521F-41D1-AD7F-F403081A014F}.Debug|Any CPU.ActiveCfg = Debug|Any CPU
		{52F87B0D-521F-41D1-AD7F-F403081A014F}.Debug|Any CPU.Build.0 = Debug|Any CPU
		{52F87B0D-521F-41D1-AD7F-F403081A014F}.Release|Any CPU.ActiveCfg = Release|Any CPU
		{52F87B0D-521F-41D1-AD7F-F403081A014F}.Release|Any CPU.Build.0 = Release|Any CPU
	EndGlobalSection
	GlobalSection(SolutionProperties) = preSolution
		HideSolutionNode = FALSE
	EndGlobalSection
EndGlobal
